
Microsoft Visual Studio Solution File, Format Version 12.00
# Visual Studio 2013
VisualStudioVersion = 12.0.31101.0
MinimumVisualStudioVersion = 10.0.40219.1
Project("{FAE04EC0-301F-11D3-BF4B-00C04F79EFBC}") = "DemoApp", "DemoApp\DemoApp.csproj", "{CE6C58C6-F64C-4282-B1CC-0222E85CE525}"
EndProject
Project("{FAE04EC0-301F-11D3-BF4B-00C04F79EFBC}") = "DemoAppTests", "DemoAppTests\DemoAppTests.csproj", "{96DCF3BA-82C1-43B8-BD59-0B3FDE5F4120}"
EndProject
Global
	GlobalSection(SolutionConfigurationPlatforms) = preSolution
		Debug|Any CPU = Debug|Any CPU
		Release|Any CPU = Release|Any CPU
	EndGlobalSection
	GlobalSection(ProjectConfigurationPlatforms) = postSolution
		{CE6C58C6-F64C-4282-B1CC-0222E85CE525}.Debug|Any CPU.ActiveCfg = Debug|Any CPU
		{CE6C58C6-F64C-4282-B1CC-0222E85CE525}.Debug|Any CPU.Build.0 = Debug|Any CPU
		{CE6C58C6-F64C-4282-B1CC-0222E85CE525}.Release|Any CPU.ActiveCfg = Release|Any CPU
		{CE6C58C6-F64C-4282-B1CC-0222E85CE525}.Release|Any CPU.Build.0 = Release|Any CPU
		{96DCF3BA-82C1-43B8-BD59-0B3FDE5F4120}.Debug|Any CPU.ActiveCfg = Debug|Any CPU
		{96DCF3BA-82C1-43B8-BD59-0B3FDE5F4120}.Debug|Any CPU.Build.0 = Debug|Any CPU
		{96DCF3BA-82C1-43B8-BD59-0B3FDE5F4120}.Release|Any CPU.ActiveCfg = Release|Any CPU
		{96DCF3BA-82C1-43B8-BD59-0B3FDE5F4120}.Release|Any CPU.Build.0 = Release|Any CPU
	EndGlobalSection
	GlobalSection(SolutionProperties) = preSolution
		HideSolutionNode = FALSE
	EndGlobalSection
EndGlobal
